
Microsoft Visual Studio Solution File, Format Version 12.00
# Visual Studio Version 16
VisualStudioVersion = 16.0.31321.278
MinimumVisualStudioVersion = 10.0.40219.1
Project("{FAE04EC0-301F-11D3-BF4B-00C04F79EFBC}") = "AudiobookPlayer_3.UWP", "AudiobookPlayer_3.UWP\AudiobookPlayer_3.UWP.csproj", "{93E67176-E51E-440F-A46B-679211559664}"
EndProject
Project("{FAE04EC0-301F-11D3-BF4B-00C04F79EFBC}") = "AudiobookPlayer_3.Android", "AudiobookPlayer_3.Android\AudiobookPlayer_3.Android.csproj", "{8BFD8F35-A6BE-4552-B12B-7C2DB3295294}"
EndProject
Project("{FAE04EC0-301F-11D3-BF4B-00C04F79EFBC}") = "AudiobookPlayer_3.iOS", "AudiobookPlayer_3.iOS\AudiobookPlayer_3.iOS.csproj", "{3D4C0201-18D9-44F3-A228-5C0B6FF86B50}"
EndProject
Project("{FAE04EC0-301F-11D3-BF4B-00C04F79EFBC}") = "AudiobookPlayer_3", "AudiobookPlayer_3\AudiobookPlayer_3.csproj", "{71B48D13-4DD7-4892-8A27-A7BE1E4AE307}"
EndProject
Global
	GlobalSection(SolutionConfigurationPlatforms) = preSolution
		Debug|Any CPU = Debug|Any CPU
		Debug|ARM = Debug|ARM
		Debug|iPhone = Debug|iPhone
		Debug|iPhoneSimulator = Debug|iPhoneSimulator
		Debug|x64 = Debug|x64
		Debug|x86 = Debug|x86
		Release|Any CPU = Release|Any CPU
		Release|ARM = Release|ARM
		Release|iPhone = Release|iPhone
		Release|iPhoneSimulator = Release|iPhoneSimulator
		Release|x64 = Release|x64
		Release|x86 = Release|x86
	EndGlobalSection
	GlobalSection(ProjectConfigurationPlatforms) = postSolution
		{93E67176-E51E-440F-A46B-679211559664}.Debug|Any CPU.ActiveCfg = Debug|x86
		{93E67176-E51E-440F-A46B-679211559664}.Debug|Any CPU.Build.0 = Debug|x86
		{93E67176-E51E-440F-A46B-679211559664}.Debug|Any CPU.Deploy.0 = Debug|x86
		{93E67176-E51E-440F-A46B-679211559664}.Debug|ARM.ActiveCfg = Debug|ARM
		{93E67176-E51E-440F-A46B-679211559664}.Debug|ARM.Build.0 = Debug|ARM
		{93E67176-E51E-440F-A46B-679211559664}.Debug|ARM.Deploy.0 = Debug|ARM
		{93E67176-E51E-440F-A46B-679211559664}.Debug|iPhone.ActiveCfg = Debug|x86
		{93E67176-E51E-440F-A46B-679211559664}.Debug|iPhone.Build.0 = Debug|x86
		{93E67176-E51E-440F-A46B-679211559664}.Debug|iPhone.Deploy.0 = Debug|x86
		{93E67176-E51E-440F-A46B-679211559664}.Debug|iPhoneSimulator.ActiveCfg = Debug|x86
		{93E67176-E51E-440F-A46B-679211559664}.Debug|iPhoneSimulator.Build.0 = Debug|x86
		{93E67176-E51E-440F-A46B-679211559664}.Debug|iPhoneSimulator.Deploy.0 = Debug|x86
		{93E67176-E51E-440F-A46B-679211559664}.Debug|x64.ActiveCfg = Debug|x64
		{93E67176-E51E-440F-A46B-679211559664}.Debug|x64.Build.0 = Debug|x64
		{93E67176-E51E-440F-A46B-679211559664}.Debug|x64.Deploy.0 = Debug|x64
		{93E67176-E51E-440F-A46B-679211559664}.Debug|x86.ActiveCfg = Debug|x86
		{93E67176-E51E-440F-A46B-679211559664}.Debug|x86.Build.0 = Debug|x86
		{93E67176-E51E-440F-A46B-679211559664}.Debug|x86.Deploy.0 = Debug|x86
		{93E67176-E51E-440F-A46B-679211559664}.Release|Any CPU.ActiveCfg = Release|x86
		{93E67176-E51E-440F-A46B-679211559664}.Release|Any CPU.Build.0 = Release|x86
		{93E67176-E51E-440F-A46B-679211559664}.Release|Any CPU.Deploy.0 = Release|x86
		{93E67176-E51E-440F-A46B-679211559664}.Release|ARM.ActiveCfg = Release|ARM
		{93E67176-E51E-440F-A46B-679211559664}.Release|ARM.Build.0 = Release|ARM
		{93E67176-E51E-440F-A46B-679211559664}.Release|ARM.Deploy.0 = Release|ARM
		{93E67176-E51E-440F-A46B-679211559664}.Release|iPhone.ActiveCfg = Release|x86
		{93E67176-E51E-440F-A46B-679211559664}.Release|iPhone.Build.0 = Release|x86
		{93E67176-E51E-440F-A46B-679211559664}.Release|iPhone.Deploy.0 = Release|x86
		{93E67176-E51E-440F-A46B-679211559664}.Release|iPhoneSimulator.ActiveCfg = Release|x86
		{93E67176-E51E-440F-A46B-679211559664}.Release|iPhoneSimulator.Build.0 = Release|x86
		{93E67176-E51E-440F-A46B-679211559664}.Release|iPhoneSimulator.Deploy.0 = Release|x86
		{93E67176-E51E-440F-A46B-679211559664}.Release|x64.ActiveCfg = Release|x64
		{93E67176-E51E-440F-A46B-679211559664}.Release|x64.Build.0 = Release|x64
		{93E67176-E51E-440F-A46B-679211559664}.Release|x64.Deploy.0 = Release|x64
		{93E67176-E51E-440F-A46B-679211559664}.Release|x86.ActiveCfg = Release|x86
		{93E67176-E51E-440F-A46B-679211559664}.Release|x86.Build.0 = Release|x86
		{93E67176-E51E-440F-A46B-679211559664}.Release|x86.Deploy.0 = Release|x86
		{8BFD8F35-A6BE-4552-B12B-7C2DB3295294}.Debug|Any CPU.ActiveCfg = Debug|Any CPU
		{8BFD8F35-A6BE-4552-B12B-7C2DB3295294}.Debug|Any CPU.Build.0 = Debug|Any CPU
		{8BFD8F35-A6BE-4552-B12B-7C2DB3295294}.Debug|Any CPU.Deploy.0 = Debug|Any CPU
		{8BFD8F35-A6BE-4552-B12B-7C2DB3295294}.Debug|ARM.ActiveCfg = Debug|Any CPU
		{8BFD8F35-A6BE-4552-B12B-7C2DB3295294}.Debug|ARM.Build.0 = Debug|Any CPU
		{8BFD8F35-A6BE-4552-B12B-7C2DB3295294}.Debug|ARM.Deploy.0 = Debug|Any CPU
		{8BFD8F35-A6BE-4552-B12B-7C2DB3295294}.Debug|iPhone.ActiveCfg = Debug|Any CPU
		{8BFD8F35-A6BE-4552-B12B-7C2DB3295294}.Debug|iPhone.Build.0 = Debug|Any CPU
		{8BFD8F35-A6BE-4552-B12B-7C2DB3295294}.Debug|iPhone.Deploy.0 = Debug|Any CPU
		{8BFD8F35-A6BE-4552-B12B-7C2DB3295294}.Debug|iPhoneSimulator.ActiveCfg = Debug|Any CPU
		{8BFD8F35-A6BE-4552-B12B-7C2DB3295294}.Debug|iPhoneSimulator.Build.0 = Debug|Any CPU
		{8BFD8F35-A6BE-4552-B12B-7C2DB3295294}.Debug|iPhoneSimulator.Deploy.0 = Debug|Any CPU
		{8BFD8F35-A6BE-4552-B12B-7C2DB3295294}.Debug|x64.ActiveCfg = Debug|Any CPU
		{8BFD8F35-A6BE-4552-B12B-7C2DB3295294}.Debug|x64.Build.0 = Debug|Any CPU
		{8BFD8F35-A6BE-4552-B12B-7C2DB3295294}.Debug|x64.Deploy.0 = Debug|Any CPU
		{8BFD8F35-A6BE-4552-B12B-7C2DB3295294}.Debug|x86.ActiveCfg = Debug|Any CPU
		{8BFD8F35-A6BE-4552-B12B-7C2DB3295294}.Debug|x86.Build.0 = Debug|Any CPU
		{8BFD8F35-A6BE-4552-B12B-7C2DB3295294}.Debug|x86.Deploy.0 = Debug|Any CPU
		{8BFD8F35-A6BE-4552-B12B-7C2DB3295294}.Release|Any CPU.ActiveCfg = Release|Any CPU
		{8BFD8F35-A6BE-4552-B12B-7C2DB3295294}.Release|Any CPU.Build.0 = Release|Any CPU
		{8BFD8F35-A6BE-4552-B12B-7C2DB3295294}.Release|Any CPU.Deploy.0 = Release|Any CPU
		{8BFD8F35-A6BE-4552-B12B-7C2DB3295294}.Release|ARM.ActiveCfg = Release|Any CPU
		{8BFD8F35-A6BE-4552-B12B-7C2DB3295294}.Release|ARM.Build.0 = Release|Any CPU
		{8BFD8F35-A6BE-4552-B12B-7C2DB3295294}.Release|ARM.Deploy.0 = Release|Any CPU
		{8BFD8F35-A6BE-4552-B12B-7C2DB3295294}.Release|iPhone.ActiveCfg = Release|Any CPU
		{8BFD8F35-A6BE-4552-B12B-7C2DB3295294}.Release|iPhone.Build.0 = Release|Any CPU
		{8BFD8F35-A6BE-4552-B12B-7C2DB3295294}.Release|iPhone.Deploy.0 = Release|Any CPU
		{8BFD8F35-A6BE-4552-B12B-7C2DB3295294}.Release|iPhoneSimulator.ActiveCfg = Release|Any CPU
		{8BFD8F35-A6BE-4552-B12B-7C2DB3295294}.Release|iPhoneSimulator.Build.0 = Release|Any CPU
		{8BFD8F35-A6BE-4552-B12B-7C2DB3295294}.Release|iPhoneSimulator.Deploy.0 = Release|Any CPU
		{8BFD8F35-A6BE-4552-B12B-7C2DB3295294}.Release|x64.ActiveCfg = Release|Any CPU
		{8BFD8F35-A6BE-4552-B12B-7C2DB3295294}.Release|x64.Build.0 = Release|Any CPU
		{8BFD8F35-A6BE-4552-B12B-7C2DB3295294}.Release|x64.Deploy.0 = Release|Any CPU
		{8BFD8F35-A6BE-4552-B12B-7C2DB3295294}.Release|x86.ActiveCfg = Release|Any CPU
		{8BFD8F35-A6BE-4552-B12B-7C2DB3295294}.Release|x86.Build.0 = Release|Any CPU
		{8BFD8F35-A6BE-4552-B12B-7C2DB3295294}.Release|x86.Deploy.0 = Release|Any CPU
		{3D4C0201-18D9-44F3-A228-5C0B6FF86B50}.Debug|Any CPU.ActiveCfg = Debug|iPhoneSimulator
		{3D4C0201-18D9-44F3-A228-5C0B6FF86B50}.Debug|Any CPU.Build.0 = Debug|iPhoneSimulator
		{3D4C0201-18D9-44F3-A228-5C0B6FF86B50}.Debug|Any CPU.Deploy.0 = Debug|iPhoneSimulator
		{3D4C0201-18D9-44F3-A228-5C0B6FF86B50}.Debug|ARM.ActiveCfg = Debug|iPhone
		{3D4C0201-18D9-44F3-A228-5C0B6FF86B50}.Debug|ARM.Build.0 = Debug|iPhone
		{3D4C0201-18D9-44F3-A228-5C0B6FF86B50}.Debug|ARM.Deploy.0 = Debug|iPhone
		{3D4C0201-18D9-44F3-A228-5C0B6FF86B50}.Debug|iPhone.ActiveCfg = Debug|iPhone
		{3D4C0201-18D9-44F3-A228-5C0B6FF86B50}.Debug|iPhone.Build.0 = Debug|iPhone
		{3D4C0201-18D9-44F3-A228-5C0B6FF86B50}.Debug|iPhone.Deploy.0 = Debug|iPhone
		{3D4C0201-18D9-44F3-A228-5C0B6FF86B50}.Debug|iPhoneSimulator.ActiveCfg = Debug|iPhoneSimulator
		{3D4C0201-18D9-44F3-A228-5C0B6FF86B50}.Debug|iPhoneSimulator.Build.0 = Debug|iPhoneSimulator
		{3D4C0201-18D9-44F3-A228-5C0B6FF86B50}.Debug|iPhoneSimulator.Deploy.0 = Debug|iPhoneSimulator
		{3D4C0201-18D9-44F3-A228-5C0B6FF86B50}.Debug|x64.ActiveCfg = Debug|iPhoneSimulator
		{3D4C0201-18D9-44F3-A228-5C0B6FF86B50}.Debug|x64.Build.0 = Debug|iPhoneSimulator
		{3D4C0201-18D9-44F3-A228-5C0B6FF86B50}.Debug|x64.Deploy.0 = Debug|iPhoneSimulator
		{3D4C0201-18D9-44F3-A228-5C0B6FF86B50}.Debug|x86.ActiveCfg = Debug|iPhoneSimulator
		{3D4C0201-18D9-44F3-A228-5C0B6FF86B50}.Debug|x86.Build.0 = Debug|iPhoneSimulator
		{3D4C0201-18D9-44F3-A228-5C0B6FF86B50}.Debug|x86.Deploy.0 = Debug|iPhoneSimulator
		{3D4C0201-18D9-44F3-A228-5C0B6FF86B50}.Release|Any CPU.ActiveCfg = Release|iPhoneSimulator
		{3D4C0201-18D9-44F3-A228-5C0B6FF86B50}.Release|Any CPU.Build.0 = Release|iPhoneSimulator
		{3D4C0201-18D9-44F3-A228-5C0B6FF86B50}.Release|Any CPU.Deploy.0 = Release|iPhoneSimulator
		{3D4C0201-18D9-44F3-A228-5C0B6FF86B50}.Release|ARM.ActiveCfg = Release|iPhoneSimulator
		{3D4C0201-18D9-44F3-A228-5C0B6FF86B50}.Release|ARM.Build.0 = Release|iPhoneSimulator
		{3D4C0201-18D9-44F3-A228-5C0B6FF86B50}.Release|ARM.Deploy.0 = Release|iPhoneSimulator
		{3D4C0201-18D9-44F3-A228-5C0B6FF86B50}.Release|iPhone.ActiveCfg = Release|iPhone
		{3D4C0201-18D9-44F3-A228-5C0B6FF86B50}.Release|iPhone.Build.0 = Release|iPhone
		{3D4C0201-18D9-44F3-A228-5C0B6FF86B50}.Release|iPhone.Deploy.0 = Release|iPhone
		{3D4C0201-18D9-44F3-A228-5C0B6FF86B50}.Release|iPhoneSimulator.ActiveCfg = Release|iPhoneSimulator
		{3D4C0201-18D9-44F3-A228-5C0B6FF86B50}.Release|iPhoneSimulator.Build.0 = Release|iPhoneSimulator
		{3D4C0201-18D9-44F3-A228-5C0B6FF86B50}.Release|iPhoneSimulator.Deploy.0 = Release|iPhoneSimulator
		{3D4C0201-18D9-44F3-A228-5C0B6FF86B50}.Release|x64.ActiveCfg = Release|iPhoneSimulator
		{3D4C0201-18D9-44F3-A228-5C0B6FF86B50}.Release|x64.Build.0 = Release|iPhoneSimulator
		{3D4C0201-18D9-44F3-A228-5C0B6FF86B50}.Release|x64.Deploy.0 = Release|iPhoneSimulator
		{3D4C0201-18D9-44F3-A228-5C0B6FF86B50}.Release|x86.ActiveCfg = Release|iPhoneSimulator
		{3D4C0201-18D9-44F3-A228-5C0B6FF86B50}.Release|x86.Build.0 = Release|iPhoneSimulator
		{3D4C0201-18D9-44F3-A228-5C0B6FF86B50}.Release|x86.Deploy.0 = Release|iPhoneSimulator
		{71B48D13-4DD7-4892-8A27-A7BE1E4AE307}.Debug|Any CPU.ActiveCfg = Debug|Any CPU
		{71B48D13-4DD7-4892-8A27-A7BE1E4AE307}.Debug|Any CPU.Build.0 = Debug|Any CPU
		{71B48D13-4DD7-4892-8A27-A7BE1E4AE307}.Debug|Any CPU.Deploy.0 = Debug|Any CPU
		{71B48D13-4DD7-4892-8A27-A7BE1E4AE307}.Debug|ARM.ActiveCfg = Debug|Any CPU
		{71B48D13-4DD7-4892-8A27-A7BE1E4AE307}.Debug|ARM.Build.0 = Debug|Any CPU
		{71B48D13-4DD7-4892-8A27-A7BE1E4AE307}.Debug|ARM.Deploy.0 = Debug|Any CPU
		{71B48D13-4DD7-4892-8A27-A7BE1E4AE307}.Debug|iPhone.ActiveCfg = Debug|Any CPU
		{71B48D13-4DD7-4892-8A27-A7BE1E4AE307}.Debug|iPhone.Build.0 = Debug|Any CPU
		{71B48D13-4DD7-4892-8A27-A7BE1E4AE307}.Debug|iPhone.Deploy.0 = Debug|Any CPU
		{71B48D13-4DD7-4892-8A27-A7BE1E4AE307}.Debug|iPhoneSimulator.ActiveCfg = Debug|Any CPU
		{71B48D13-4DD7-4892-8A27-A7BE1E4AE307}.Debug|iPhoneSimulator.Build.0 = Debug|Any CPU
		{71B48D13-4DD7-4892-8A27-A7BE1E4AE307}.Debug|iPhoneSimulator.Deploy.0 = Debug|Any CPU
		{71B48D13-4DD7-4892-8A27-A7BE1E4AE307}.Debug|x64.ActiveCfg = Debug|Any CPU
		{71B48D13-4DD7-4892-8A27-A7BE1E4AE307}.Debug|x64.Build.0 = Debug|Any CPU
		{71B48D13-4DD7-4892-8A27-A7BE1E4AE307}.Debug|x64.Deploy.0 = Debug|Any CPU
		{71B48D13-4DD7-4892-8A27-A7BE1E4AE307}.Debug|x86.ActiveCfg = Debug|Any CPU
		{71B48D13-4DD7-4892-8A27-A7BE1E4AE307}.Debug|x86.Build.0 = Debug|Any CPU
		{71B48D13-4DD7-4892-8A27-A7BE1E4AE307}.Debug|x86.Deploy.0 = Debug|Any CPU
		{71B48D13-4DD7-4892-8A27-A7BE1E4AE307}.Release|Any CPU.ActiveCfg = Release|Any CPU
		{71B48D13-4DD7-4892-8A27-A7BE1E4AE307}.Release|Any CPU.Build.0 = Release|Any CPU
		{71B48D13-4DD7-4892-8A27-A7BE1E4AE307}.Release|Any CPU.Deploy.0 = Release|Any CPU
		{71B48D13-4DD7-4892-8A27-A7BE1E4AE307}.Release|ARM.ActiveCfg = Release|Any CPU
		{71B48D13-4DD7-4892-8A27-A7BE1E4AE307}.Release|ARM.Build.0 = Release|Any CPU
		{71B48D13-4DD7-4892-8A27-A7BE1E4AE307}.Release|ARM.Deploy.0 = Release|Any CPU
		{71B48D13-4DD7-4892-8A27-A7BE1E4AE307}.Release|iPhone.ActiveCfg = Release|Any CPU
		{71B48D13-4DD7-4892-8A27-A7BE1E4AE307}.Release|iPhone.Build.0 = Release|Any CPU
		{71B48D13-4DD7-4892-8A27-A7BE1E4AE307}.Release|iPhone.Deploy.0 = Release|Any CPU
		{71B48D13-4DD7-4892-8A27-A7BE1E4AE307}.Release|iPhoneSimulator.ActiveCfg = Release|Any CPU
		{71B48D13-4DD7-4892-8A27-A7BE1E4AE307}.Release|iPhoneSimulator.Build.0 = Release|Any CPU
		{71B48D13-4DD7-4892-8A27-A7BE1E4AE307}.Release|iPhoneSimulator.Deploy.0 = Release|Any CPU
		{71B48D13-4DD7-4892-8A27-A7BE1E4AE307}.Release|x64.ActiveCfg = Release|Any CPU
		{71B48D13-4DD7-4892-8A27-A7BE1E4AE307}.Release|x64.Build.0 = Release|Any CPU
		{71B48D13-4DD7-4892-8A27-A7BE1E4AE307}.Release|x64.Deploy.0 = Release|Any CPU
		{71B48D13-4DD7-4892-8A27-A7BE1E4AE307}.Release|x86.ActiveCfg = Release|Any CPU
		{71B48D13-4DD7-4892-8A27-A7BE1E4AE307}.Release|x86.Build.0 = Release|Any CPU
		{71B48D13-4DD7-4892-8A27-A7BE1E4AE307}.Release|x86.Deploy.0 = Release|Any CPU
	EndGlobalSection
	GlobalSection(SolutionProperties) = preSolution
		HideSolutionNode = FALSE
	EndGlobalSection
	GlobalSection(ExtensibilityGlobals) = postSolution
		SolutionGuid = {A9AEDC59-5054-4EF9-A722-A14A600CA1DF}
	EndGlobalSection
EndGlobal
